
Microsoft Visual Studio Solution File, Format Version 12.00
# Visual Studio Version 17
VisualStudioVersion = 17.9.34714.143
MinimumVisualStudioVersion = 10.0.40219.1
Project("{FAE04EC0-301F-11D3-BF4B-00C04F79EFBC}") = "RecipeApplicarion", "RecipeApplicarion\RecipeApplicarion.csproj", "{E988FA1F-87A6-4AAD-A804-FE07B33EA918}"
EndProject
Global
	GlobalSection(SolutionConfigurationPlatforms) = preSolution
		Debug|Any CPU = Debug|Any CPU
		Release|Any CPU = Release|Any CPU
	EndGlobalSection
	GlobalSection(ProjectConfigurationPlatforms) = postSolution
		{E988FA1F-87A6-4AAD-A804-FE07B33EA918}.Debug|Any CPU.ActiveCfg = Debug|Any CPU
		{E988FA1F-87A6-4AAD-A804-FE07B33EA918}.Debug|Any CPU.Build.0 = Debug|Any CPU
		{E988FA1F-87A6-4AAD-A804-FE07B33EA918}.Release|Any CPU.ActiveCfg = Release|Any CPU
		{E988FA1F-87A6-4AAD-A804-FE07B33EA918}.Release|Any CPU.Build.0 = Release|Any CPU
	EndGlobalSection
	GlobalSection(SolutionProperties) = preSolution
		HideSolutionNode = FALSE
	EndGlobalSection
	GlobalSection(ExtensibilityGlobals) = postSolution
		SolutionGuid = {DE5DFFCB-66CC-4B5E-A73E-571B541C8E21}
	EndGlobalSection
EndGlobal
